// !$*UTF8*$!
{
	archiveVersion = 1;
	classes = {
	};
	objectVersion = 46;
	objects = {

/* Begin PBXBuildFile section */
		C7A81B981B286B1400154676 /* main.m in Sources */ = {isa = PBXBuildFile; fileRef = C7A81B971B286B1400154676 /* main.m */; };
		C7A81B9B1B286B1400154676 /* AppDelegate.m in Sources */ = {isa = PBXBuildFile; fileRef = C7A81B9A1B286B1400154676 /* AppDelegate.m */; };
		C7A81B9E1B286B1400154676 /* ViewController.m in Sources */ = {isa = PBXBuildFile; fileRef = C7A81B9D1B286B1400154676 /* ViewController.m */; };
		C7A81BA11B286B1400154676 /* Main.storyboard in Resources */ = {isa = PBXBuildFile; fileRef = C7A81B9F1B286B1400154676 /* Main.storyboard */; };
		C7A81BA31B286B1400154676 /* Images.xcassets in Resources */ = {isa = PBXBuildFile; fileRef = C7A81BA21B286B1400154676 /* Images.xcassets */; };
		C7A81BA61B286B1400154676 /* LaunchScreen.xib in Resources */ = {isa = PBXBuildFile; fileRef = C7A81BA41B286B1400154676 /* LaunchScreen.xib */; };
		C7A81BB21B286B1400154676 /* RoadTripDJAppTests.m in Sources */ = {isa = PBXBuildFile; fileRef = C7A81BB11B286B1400154676 /* RoadTripDJAppTests.m */; };
/* End PBXBuildFile section */

/* Begin PBXContainerItemProxy section */
		C7A81BAC1B286B1400154676 /* PBXContainerItemProxy */ = {
			isa = PBXContainerItemProxy;
			containerPortal = C7A81B8A1B286B1400154676 /* Project object */;
			proxyType = 1;
			remoteGlobalIDString = C7A81B911B286B1400154676;
			remoteInfo = RoadTripDJApp;
		};
/* End PBXContainerItemProxy section */

/* Begin PBXFileReference section */
		C7A81B921B286B1400154676 /* RoadTripDJApp.app */ = {isa = PBXFileReference; explicitFileType = wrapper.application; includeInIndex = 0; path = RoadTripDJApp.app; sourceTree = BUILT_PRODUCTS_DIR; };
		C7A81B961B286B1400154676 /* Info.plist */ = {isa = PBXFileReference; lastKnownFileType = text.plist.xml; path = Info.plist; sourceTree = "<group>"; };
		C7A81B971B286B1400154676 /* main.m */ = {isa = PBXFileReference; lastKnownFileType = sourcecode.c.objc; path = main.m; sourceTree = "<group>"; };
		C7A81B991B286B1400154676 /* AppDelegate.h */ = {isa = PBXFileReference; lastKnownFileType = sourcecode.c.h; path = AppDelegate.h; sourceTree = "<group>"; };
		C7A81B9A1B286B1400154676 /* AppDelegate.m */ = {isa = PBXFileReference; lastKnownFileType = sourcecode.c.objc; path = AppDelegate.m; sourceTree = "<group>"; };
		C7A81B9C1B286B1400154676 /* ViewController.h */ = {isa = PBXFileReference; lastKnownFileType = sourcecode.c.h; path = ViewController.h; sourceTree = "<group>"; };
		C7A81B9D1B286B1400154676 /* ViewController.m */ = {isa = PBXFileReference; lastKnownFileType = sourcecode.c.objc; path = ViewController.m; sourceTree = "<group>"; };
		C7A81BA01B286B1400154676 /* Base */ = {isa = PBXFileReference; lastKnownFileType = file.storyboard; name = Base; path = Base.lproj/Main.storyboard; sourceTree = "<group>"; };
		C7A81BA21B286B1400154676 /* Images.xcassets */ = {isa = PBXFileReference; lastKnownFileType = folder.assetcatalog; path = Images.xcassets; sourceTree = "<group>"; };
		C7A81BA51B286B1400154676 /* Base */ = {isa = PBXFileReference; lastKnownFileType = file.xib; name = Base; path = Base.lproj/LaunchScreen.xib; sourceTree = "<group>"; };
		C7A81BAB1B286B1400154676 /* RoadTripDJAppTests.xctest */ = {isa = PBXFileReference; explicitFileType = wrapper.cfbundle; includeInIndex = 0; path = RoadTripDJAppTests.xctest; sourceTree = BUILT_PRODUCTS_DIR; };
		C7A81BB01B286B1400154676 /* Info.plist */ = {isa = PBXFileReference; lastKnownFileType = text.plist.xml; path = Info.plist; sourceTree = "<group>"; };
		C7A81BB11B286B1400154676 /* RoadTripDJAppTests.m */ = {isa = PBXFileReference; lastKnownFileType = sourcecode.c.objc; path = RoadTripDJAppTests.m; sourceTree = "<group>"; };
/* End PBXFileReference section */

/* Begin PBXFrameworksBuildPhase section */
		C7A81B8F1B286B1400154676 /* Frameworks */ = {
			isa = PBXFrameworksBuildPhase;
			buildActionMask = 2147483647;
			files = (
			);
			runOnlyForDeploymentPostprocessing = 0;
		};
		C7A81BA81B286B1400154676 /* Frameworks */ = {
			isa = PBXFrameworksBuildPhase;
			buildActionMask = 2147483647;
			files = (
			);
			runOnlyForDeploymentPostprocessing = 0;
		};
/* End PBXFrameworksBuildPhase section */

/* Begin PBXGroup section */
		C7A81B891B286B1400154676 = {
			isa = PBXGroup;
			children = (
				C7A81B941B286B1400154676 /* RoadTripDJApp */,
				C7A81BAE1B286B1400154676 /* RoadTripDJAppTests */,
				C7A81B931B286B1400154676 /* Products */,
			);
			sourceTree = "<group>";
		};
		C7A81B931B286B1400154676 /* Products */ = {
			isa = PBXGroup;
			children = (
				C7A81B921B286B1400154676 /* RoadTripDJApp.app */,
				C7A81BAB1B286B1400154676 /* RoadTripDJAppTests.xctest */,
			);
			name = Products;
			sourceTree = "<group>";
		};
		C7A81B941B286B1400154676 /* RoadTripDJApp */ = {
			isa = PBXGroup;
			children = (
				C7A81B991B286B1400154676 /* AppDelegate.h */,
				C7A81B9A1B286B1400154676 /* AppDelegate.m */,
				C7A81B9C1B286B1400154676 /* ViewController.h */,
				C7A81B9D1B286B1400154676 /* ViewController.m */,
				C7A81B9F1B286B1400154676 /* Main.storyboard */,
				C7A81BA21B286B1400154676 /* Images.xcassets */,
				C7A81BA41B286B1400154676 /* LaunchScreen.xib */,
				C7A81B951B286B1400154676 /* Supporting Files */,
			);
			path = RoadTripDJApp;
			sourceTree = "<group>";
		};
		C7A81B951B286B1400154676 /* Supporting Files */ = {
			isa = PBXGroup;
			children = (
				C7A81B961B286B1400154676 /* Info.plist */,
				C7A81B971B286B1400154676 /* main.m */,
			);
			name = "Supporting Files";
			sourceTree = "<group>";
		};
		C7A81BAE1B286B1400154676 /* RoadTripDJAppTests */ = {
			isa = PBXGroup;
			children = (
				C7A81BB11B286B1400154676 /* RoadTripDJAppTests.m */,
				C7A81BAF1B286B1400154676 /* Supporting Files */,
			);
			path = RoadTripDJAppTests;
			sourceTree = "<group>";
		};
		C7A81BAF1B286B1400154676 /* Supporting Files */ = {
			isa = PBXGroup;
			children = (
				C7A81BB01B286B1400154676 /* Info.plist */,
			);
			name = "Supporting Files";
			sourceTree = "<group>";
		};
/* End PBXGroup section */

/* Begin PBXNativeTarget section */
		C7A81B911B286B1400154676 /* RoadTripDJApp */ = {
			isa = PBXNativeTarget;
			buildConfigurationList = C7A81BB51B286B1400154676 /* Build configuration list for PBXNativeTarget "RoadTripDJApp" */;
			buildPhases = (
				C7A81B8E1B286B1400154676 /* Sources */,
				C7A81B8F1B286B1400154676 /* Frameworks */,
				C7A81B901B286B1400154676 /* Resources */,
			);
			buildRules = (
			);
			dependencies = (
			);
			name = RoadTripDJApp;
			productName = RoadTripDJApp;
			productReference = C7A81B921B286B1400154676 /* RoadTripDJApp.app */;
			productType = "com.apple.product-type.application";
		};
		C7A81BAA1B286B1400154676 /* RoadTripDJAppTests */ = {
			isa = PBXNativeTarget;
			buildConfigurationList = C7A81BB81B286B1400154676 /* Build configuration list for PBXNativeTarget "RoadTripDJAppTests" */;
			buildPhases = (
				C7A81BA71B286B1400154676 /* Sources */,
				C7A81BA81B286B1400154676 /* Frameworks */,
				C7A81BA91B286B1400154676 /* Resources */,
			);
			buildRules = (
			);
			dependencies = (
				C7A81BAD1B286B1400154676 /* PBXTargetDependency */,
			);
			name = RoadTripDJAppTests;
			productName = RoadTripDJAppTests;
			productReference = C7A81BAB1B286B1400154676 /* RoadTripDJAppTests.xctest */;
			productType = "com.apple.product-type.bundle.unit-test";
		};
/* End PBXNativeTarget section */

/* Begin PBXProject section */
		C7A81B8A1B286B1400154676 /* Project object */ = {
			isa = PBXProject;
			attributes = {
				LastUpgradeCheck = 0630;
				ORGANIZATIONNAME = "Sakshi Jain";
				TargetAttributes = {
					C7A81B911B286B1400154676 = {
						CreatedOnToolsVersion = 6.3;
					};
					C7A81BAA1B286B1400154676 = {
						CreatedOnToolsVersion = 6.3;
						TestTargetID = C7A81B911B286B1400154676;
					};
				};
			};
			buildConfigurationList = C7A81B8D1B286B1400154676 /* Build configuration list for PBXProject "RoadTripDJApp" */;
			compatibilityVersion = "Xcode 3.2";
			developmentRegion = English;
			hasScannedForEncodings = 0;
			knownRegions = (
				en,
				Base,
			);
			mainGroup = C7A81B891B286B1400154676;
			productRefGroup = C7A81B931B286B1400154676 /* Products */;
			projectDirPath = "";
			projectRoot = "";
			targets = (
				C7A81B911B286B1400154676 /* RoadTripDJApp */,
				C7A81BAA1B286B1400154676 /* RoadTripDJAppTests */,
			);
		};
/* End PBXProject section */

/* Begin PBXResourcesBuildPhase section */
		C7A81B901B286B1400154676 /* Resources */ = {
			isa = PBXResourcesBuildPhase;
			buildActionMask = 2147483647;
			files = (
				C7A81BA11B286B1400154676 /* Main.storyboard in Resources */,
				C7A81BA61B286B1400154676 /* LaunchScreen.xib in Resources */,
				C7A81BA31B286B1400154676 /* Images.xcassets in Resources */,
			);
			runOnlyForDeploymentPostprocessing = 0;
		};
		C7A81BA91B286B1400154676 /* Resources */ = {
			isa = PBXResourcesBuildPhase;
			buildActionMask = 2147483647;
			files = (
			);
			runOnlyForDeploymentPostprocessing = 0;
		};
/* End PBXResourcesBuildPhase section */

/* Begin PBXSourcesBuildPhase section */
		C7A81B8E1B286B1400154676 /* Sources */ = {
			isa = PBXSourcesBuildPhase;
			buildActionMask = 2147483647;
			files = (
				C7A81B9E1B286B1400154676 /* ViewController.m in Sources */,
				C7A81B9B1B286B1400154676 /* AppDelegate.m in Sources */,
				C7A81B981B286B1400154676 /* main.m in Sources */,
			);
			runOnlyForDeploymentPostprocessing = 0;
		};
		C7A81BA71B286B1400154676 /* Sources */ = {
			isa = PBXSourcesBuildPhase;
			buildActionMask = 2147483647;
			files = (
				C7A81BB21B286B1400154676 /* RoadTripDJAppTests.m in Sources */,
			);
			runOnlyForDeploymentPostprocessing = 0;
		};
/* End PBXSourcesBuildPhase section */

/* Begin PBXTargetDependency section */
		C7A81BAD1B286B1400154676 /* PBXTargetDependency */ = {
			isa = PBXTargetDependency;
			target = C7A81B911B286B1400154676 /* RoadTripDJApp */;
			targetProxy = C7A81BAC1B286B1400154676 /* PBXContainerItemProxy */;
		};
/* End PBXTargetDependency section */

/* Begin PBXVariantGroup section */
		C7A81B9F1B286B1400154676 /* Main.storyboard */ = {
			isa = PBXVariantGroup;
			children = (
				C7A81BA01B286B1400154676 /* Base */,
			);
			name = Main.storyboard;
			sourceTree = "<group>";
		};
		C7A81BA41B286B1400154676 /* LaunchScreen.xib */ = {
			isa = PBXVariantGroup;
			children = (
				C7A81BA51B286B1400154676 /* Base */,
			);
			name = LaunchScreen.xib;
			sourceTree = "<group>";
		};
/* End PBXVariantGroup section */

/* Begin XCBuildConfiguration section */
		C7A81BB31B286B1400154676 /* Debug */ = {
			isa = XCBuildConfiguration;
			buildSettings = {
				ALWAYS_SEARCH_USER_PATHS = NO;
				CLANG_CXX_LANGUAGE_STANDARD = "gnu++0x";
				CLANG_CXX_LIBRARY = "libc++";
				CLANG_ENABLE_MODULES = YES;
				CLANG_ENABLE_OBJC_ARC = YES;
				CLANG_WARN_BOOL_CONVERSION = YES;
				CLANG_WARN_CONSTANT_CONVERSION = YES;
				CLANG_WARN_DIRECT_OBJC_ISA_USAGE = YES_ERROR;
				CLANG_WARN_EMPTY_BODY = YES;
				CLANG_WARN_ENUM_CONVERSION = YES;
				CLANG_WARN_INT_CONVERSION = YES;
				CLANG_WARN_OBJC_ROOT_CLASS = YES_ERROR;
				CLANG_WARN_UNREACHABLE_CODE = YES;
				CLANG_WARN__DUPLICATE_METHOD_MATCH = YES;
				"CODE_SIGN_IDENTITY[sdk=iphoneos*]" = "iPhone Developer";
				COPY_PHASE_STRIP = NO;
				DEBUG_INFORMATION_FORMAT = "dwarf-with-dsym";
				ENABLE_STRICT_OBJC_MSGSEND = YES;
				GCC_C_LANGUAGE_STANDARD = gnu99;
				GCC_DYNAMIC_NO_PIC = NO;
				GCC_NO_COMMON_BLOCKS = YES;
				GCC_OPTIMIZATION_LEVEL = 0;
				GCC_PREPROCESSOR_DEFINITIONS = (
					"DEBUG=1",
					"$(inherited)",
				);
				GCC_SYMBOLS_PRIVATE_EXTERN = NO;
				GCC_WARN_64_TO_32_BIT_CONVERSION = YES;
				GCC_WARN_ABOUT_RETURN_TYPE = YES_ERROR;
				GCC_WARN_UNDECLARED_SELECTOR = YES;
				GCC_WARN_UNINITIALIZED_AUTOS = YES_AGGRESSIVE;
				GCC_WARN_UNUSED_FUNCTION = YES;
				GCC_WARN_UNUSED_VARIABLE = YES;
				IPHONEOS_DEPLOYMENT_TARGET = 8.3;
				MTL_ENABLE_DEBUG_INFO = YES;
				ONLY_ACTIVE_ARCH = YES;
				SDKROOT = iphoneos;
			};
			name = Debug;
		};
		C7A81BB41B286B1400154676 /* Release */ = {
			isa = XCBuildConfiguration;
			buildSettings = {
				ALWAYS_SEARCH_USER_PATHS = NO;
				CLANG_CXX_LANGUAGE_STANDARD = "gnu++0x";
				CLANG_CXX_LIBRARY = "libc++";
				CLANG_ENABLE_MODULES = YES;
				CLANG_ENABLE_OBJC_ARC = YES;
				CLANG_WARN_BOOL_CONVERSION = YES;
				CLANG_WARN_CONSTANT_CONVERSION = YES;
				CLANG_WARN_DIRECT_OBJC_ISA_USAGE = YES_ERROR;
				CLANG_WARN_EMPTY_BODY = YES;
				CLANG_WARN_ENUM_CONVERSION = YES;
				CLANG_WARN_INT_CONVERSION = YES;
				CLANG_WARN_OBJC_ROOT_CLASS = YES_ERROR;
				CLANG_WARN_UNREACHABLE_CODE = YES;
				CLANG_WARN__DUPLICATE_METHOD_MATCH = YES;
				"CODE_SIGN_IDENTITY[sdk=iphoneos*]" = "iPhone Developer";
				COPY_PHASE_STRIP = NO;
				DEBUG_INFORMATION_FORMAT = "dwarf-with-dsym";
				ENABLE_NS_ASSERTIONS = NO;
				ENABLE_STRICT_OBJC_MSGSEND = YES;
				GCC_C_LANGUAGE_STANDARD = gnu99;
				GCC_NO_COMMON_BLOCKS = YES;
				GCC_WARN_64_TO_32_BIT_CONVERSION = YES;
				GCC_WARN_ABOUT_RETURN_TYPE = YES_ERROR;
				GCC_WARN_UNDECLARED_SELECTOR = YES;
				GCC_WARN_UNINITIALIZED_AUTOS = YES_AGGRESSIVE;
				GCC_WARN_UNUSED_FUNCTION = YES;
				GCC_WARN_UNUSED_VARIABLE = YES;
				IPHONEOS_DEPLOYMENT_TARGET = 8.3;
				MTL_ENABLE_DEBUG_INFO = NO;
				SDKROOT = iphoneos;
				VALIDATE_PRODUCT = YES;
			};
			name = Release;
		};
		C7A81BB61B286B1400154676 /* Debug */ = {
			isa = XCBuildConfiguration;
			buildSettings = {
				ASSETCATALOG_COMPILER_APPICON_NAME = AppIcon;
				INFOPLIST_FILE = RoadTripDJApp/Info.plist;
				LD_RUNPATH_SEARCH_PATHS = "$(inherited) @executable_path/Frameworks";
				PRODUCT_NAME = "$(TARGET_NAME)";
			};
			name = Debug;
		};
		C7A81BB71B286B1400154676 /* Release */ = {
			isa = XCBuildConfiguration;
			buildSettings = {
				ASSETCATALOG_COMPILER_APPICON_NAME = AppIcon;
				INFOPLIST_FILE = RoadTripDJApp/Info.plist;
				LD_RUNPATH_SEARCH_PATHS = "$(inherited) @executable_path/Frameworks";
				PRODUCT_NAME = "$(TARGET_NAME)";
			};
			name = Release;
		};
		C7A81BB91B286B1400154676 /* Debug */ = {
			isa = XCBuildConfiguration;
			buildSettings = {
				BUNDLE_LOADER = "$(TEST_HOST)";
				FRAMEWORK_SEARCH_PATHS = (
					"$(SDKROOT)/Developer/Library/Frameworks",
					"$(inherited)",
				);
				GCC_PREPROCESSOR_DEFINITIONS = (
					"DEBUG=1",
					"$(inherited)",
				);
				INFOPLIST_FILE = RoadTripDJAppTests/Info.plist;
				LD_RUNPATH_SEARCH_PATHS = "$(inherited) @executable_path/Frameworks @loader_path/Frameworks";
				PRODUCT_NAME = "$(TARGET_NAME)";
				TEST_HOST = "$(BUILT_PRODUCTS_DIR)/RoadTripDJApp.app/RoadTripDJApp";
			};
			name = Debug;
		};
		C7A81BBA1B286B1400154676 /* Release */ = {
			isa = XCBuildConfiguration;
			buildSettings = {
				BUNDLE_LOADER = "$(TEST_HOST)";
				FRAMEWORK_SEARCH_PATHS = (
					"$(SDKROOT)/Developer/Library/Frameworks",
					"$(inherited)",
				);
				INFOPLIST_FILE = RoadTripDJAppTests/Info.plist;
				LD_RUNPATH_SEARCH_PATHS = "$(inherited) @executable_path/Frameworks @loader_path/Frameworks";
				PRODUCT_NAME = "$(TARGET_NAME)";
				TEST_HOST = "$(BUILT_PRODUCTS_DIR)/RoadTripDJApp.app/RoadTripDJApp";
			};
			name = Release;
		};
/* End XCBuildConfiguration section */

/* Begin XCConfigurationList section */
		C7A81B8D1B286B1400154676 /* Build configuration list for PBXProject "RoadTripDJApp" */ = {
			isa = XCConfigurationList;
			buildConfigurations = (
				C7A81BB31B286B1400154676 /* Debug */,
				C7A81BB41B286B1400154676 /* Release */,
			);
			defaultConfigurationIsVisible = 0;
			defaultConfigurationName = Release;
		};
		C7A81BB51B286B1400154676 /* Build configuration list for PBXNativeTarget "RoadTripDJApp" */ = {
			isa = XCConfigurationList;
			buildConfigurations = (
				C7A81BB61B286B1400154676 /* Debug */,
				C7A81BB71B286B1400154676 /* Release */,
			);
			defaultConfigurationIsVisible = 0;
		};
		C7A81BB81B286B1400154676 /* Build configuration list for PBXNativeTarget "RoadTripDJAppTests" */ = {
			isa = XCConfigurationList;
			buildConfigurations = (
				C7A81BB91B286B1400154676 /* Debug */,
				C7A81BBA1B286B1400154676 /* Release */,
			);
			defaultConfigurationIsVisible = 0;
		};
/* End XCConfigurationList section */
	};
	rootObject = C7A81B8A1B286B1400154676 /* Project object */;
}
